
Microsoft Visual Studio Solution File, Format Version 11.00
# Visual Studio 2010
Project("{FAE04EC0-301F-11D3-BF4B-00C04F79EFBC}") = "Assembly-CSharp", "Assembly-CSharp.csproj", "{45b493bd-af11-a82e-0586-f342fbe4c400}"
EndProject
Project("{FAE04EC0-301F-11D3-BF4B-00C04F79EFBC}") = "Assembly-CSharp", "Assembly-CSharp.Player.csproj", "{3e139cee-c151-a5cf-aede-2276653d2964}"
EndProject
Project("{FAE04EC0-301F-11D3-BF4B-00C04F79EFBC}") = "Assembly-CSharp-Editor", "Assembly-CSharp-Editor.csproj", "{5d15bb95-2068-ff3b-4041-2cb98590a648}"
EndProject
Global
	GlobalSection(SolutionConfigurationPlatforms) = preSolution
		Debug|Any CPU = Debug|Any CPU
	EndGlobalSection
	GlobalSection(ProjectConfigurationPlatforms) = postSolution
		{45b493bd-af11-a82e-0586-f342fbe4c400}.Debug|Any CPU.ActiveCfg = Debug|Any CPU
		{45b493bd-af11-a82e-0586-f342fbe4c400}.Debug|Any CPU.Build.0 = Debug|Any CPU
		{3e139cee-c151-a5cf-aede-2276653d2964}.Debug|Any CPU.ActiveCfg = Debug|Any CPU
		{3e139cee-c151-a5cf-aede-2276653d2964}.Debug|Any CPU.Build.0 = Debug|Any CPU
		{5d15bb95-2068-ff3b-4041-2cb98590a648}.Debug|Any CPU.ActiveCfg = Debug|Any CPU
		{5d15bb95-2068-ff3b-4041-2cb98590a648}.Debug|Any CPU.Build.0 = Debug|Any CPU
	EndGlobalSection
	GlobalSection(SolutionProperties) = preSolution
		HideSolutionNode = FALSE
	EndGlobalSection
EndGlobal
